
Microsoft Visual Studio Solution File, Format Version 12.00
# Visual Studio Version 17
VisualStudioVersion = 17.6.33829.357
MinimumVisualStudioVersion = 10.0.40219.1
Project("{FAE04EC0-301F-11D3-BF4B-00C04F79EFBC}") = "VigneNotificationApp", "VigneNotificationApp.csproj", "{4560D88D-B368-4B23-9706-3CB11A14D091}"
EndProject
Global
	GlobalSection(SolutionConfigurationPlatforms) = preSolution
		Debug|Any CPU = Debug|Any CPU
		Release|Any CPU = Release|Any CPU
	EndGlobalSection
	GlobalSection(ProjectConfigurationPlatforms) = postSolution
		{4560D88D-B368-4B23-9706-3CB11A14D091}.Debug|Any CPU.ActiveCfg = Debug|Any CPU
		{4560D88D-B368-4B23-9706-3CB11A14D091}.Debug|Any CPU.Build.0 = Debug|Any CPU
		{4560D88D-B368-4B23-9706-3CB11A14D091}.Release|Any CPU.ActiveCfg = Release|Any CPU
		{4560D88D-B368-4B23-9706-3CB11A14D091}.Release|Any CPU.Build.0 = Release|Any CPU
	EndGlobalSection
	GlobalSection(SolutionProperties) = preSolution
		HideSolutionNode = FALSE
	EndGlobalSection
	GlobalSection(ExtensibilityGlobals) = postSolution
		SolutionGuid = {49DF6343-FD4A-4682-8644-437CC0FF21C9}
	EndGlobalSection
EndGlobal
